// !$*UTF8*$!
{
	archiveVersion = 1;
	classes = {
	};
	objectVersion = 55;
	objects = {

/* Begin PBXBuildFile section */
		2409141D28B16D1D004D0FFD /* CardView.swift in Sources */ = {isa = PBXBuildFile; fileRef = 2409141C28B16D1D004D0FFD /* CardView.swift */; };
		2409142C28B17419004D0FFD /* Roboto-Regular.ttf in Resources */ = {isa = PBXBuildFile; fileRef = 2409142628B17419004D0FFD /* Roboto-Regular.ttf */; };
		2409142D28B17419004D0FFD /* Roboto-Light.ttf in Resources */ = {isa = PBXBuildFile; fileRef = 2409142728B17419004D0FFD /* Roboto-Light.ttf */; };
		2409142E28B17419004D0FFD /* Roboto-Black.ttf in Resources */ = {isa = PBXBuildFile; fileRef = 2409142828B17419004D0FFD /* Roboto-Black.ttf */; };
		2409142F28B17419004D0FFD /* Roboto-Thin.ttf in Resources */ = {isa = PBXBuildFile; fileRef = 2409142928B17419004D0FFD /* Roboto-Thin.ttf */; };
		2409143028B17419004D0FFD /* Roboto-Bold.ttf in Resources */ = {isa = PBXBuildFile; fileRef = 2409142A28B17419004D0FFD /* Roboto-Bold.ttf */; };
		2409143128B17419004D0FFD /* Roboto-Medium.ttf in Resources */ = {isa = PBXBuildFile; fileRef = 2409142B28B17419004D0FFD /* Roboto-Medium.ttf */; };
		2409143328B174BC004D0FFD /* Fonts.swift in Sources */ = {isa = PBXBuildFile; fileRef = 2409143228B174BC004D0FFD /* Fonts.swift */; };
		244C7D6B28AD6EFB0085A24D /* data.json in Resources */ = {isa = PBXBuildFile; fileRef = 244C7D6A28AD6EFB0085A24D /* data.json */; };
		245F553028B244380015DE76 /* SeasonModel.swift in Sources */ = {isa = PBXBuildFile; fileRef = 245F552F28B244380015DE76 /* SeasonModel.swift */; };
		246E108C28AAC27200D3E9CA /* SilverArrowsApp.swift in Sources */ = {isa = PBXBuildFile; fileRef = 246E108B28AAC27200D3E9CA /* SilverArrowsApp.swift */; };
		246E108E28AAC27200D3E9CA /* ContentView.swift in Sources */ = {isa = PBXBuildFile; fileRef = 246E108D28AAC27200D3E9CA /* ContentView.swift */; };
		246E109028AAC27300D3E9CA /* Assets.xcassets in Resources */ = {isa = PBXBuildFile; fileRef = 246E108F28AAC27300D3E9CA /* Assets.xcassets */; };
		246E109328AAC27300D3E9CA /* Preview Assets.xcassets in Resources */ = {isa = PBXBuildFile; fileRef = 246E109228AAC27300D3E9CA /* Preview Assets.xcassets */; };
		24D795DB28AD7499006D40F6 /* Season.swift in Sources */ = {isa = PBXBuildFile; fileRef = 24D795DA28AD7499006D40F6 /* Season.swift */; };
		24FF652228AD882B00DC0A49 /* DataService.swift in Sources */ = {isa = PBXBuildFile; fileRef = 24FF652128AD882B00DC0A49 /* DataService.swift */; };
		24FF652528AEEB7300DC0A49 /* RoundedCornersLeft.swift in Sources */ = {isa = PBXBuildFile; fileRef = 24FF652428AEEB7300DC0A49 /* RoundedCornersLeft.swift */; };
		24FF652728AEEC4A00DC0A49 /* RoundedCornersRight.swift in Sources */ = {isa = PBXBuildFile; fileRef = 24FF652628AEEC4A00DC0A49 /* RoundedCornersRight.swift */; };
		24FF652A28AEF1D400DC0A49 /* CustomColors.swift in Sources */ = {isa = PBXBuildFile; fileRef = 24FF652928AEF1D400DC0A49 /* CustomColors.swift */; };
/* End PBXBuildFile section */

/* Begin PBXFileReference section */
		2409141C28B16D1D004D0FFD /* CardView.swift */ = {isa = PBXFileReference; lastKnownFileType = sourcecode.swift; path = CardView.swift; sourceTree = "<group>"; };
		2409142528B1719A004D0FFD /* Info.plist */ = {isa = PBXFileReference; lastKnownFileType = text.plist; path = Info.plist; sourceTree = "<group>"; };
		2409142628B17419004D0FFD /* Roboto-Regular.ttf */ = {isa = PBXFileReference; lastKnownFileType = file; path = "Roboto-Regular.ttf"; sourceTree = "<group>"; };
		2409142728B17419004D0FFD /* Roboto-Light.ttf */ = {isa = PBXFileReference; lastKnownFileType = file; path = "Roboto-Light.ttf"; sourceTree = "<group>"; };
		2409142828B17419004D0FFD /* Roboto-Black.ttf */ = {isa = PBXFileReference; lastKnownFileType = file; path = "Roboto-Black.ttf"; sourceTree = "<group>"; };
		2409142928B17419004D0FFD /* Roboto-Thin.ttf */ = {isa = PBXFileReference; lastKnownFileType = file; path = "Roboto-Thin.ttf"; sourceTree = "<group>"; };
		2409142A28B17419004D0FFD /* Roboto-Bold.ttf */ = {isa = PBXFileReference; lastKnownFileType = file; path = "Roboto-Bold.ttf"; sourceTree = "<group>"; };
		2409142B28B17419004D0FFD /* Roboto-Medium.ttf */ = {isa = PBXFileReference; lastKnownFileType = file; path = "Roboto-Medium.ttf"; sourceTree = "<group>"; };
		2409143228B174BC004D0FFD /* Fonts.swift */ = {isa = PBXFileReference; lastKnownFileType = sourcecode.swift; path = Fonts.swift; sourceTree = "<group>"; };
		244C7D6A28AD6EFB0085A24D /* data.json */ = {isa = PBXFileReference; fileEncoding = 4; lastKnownFileType = text.json; path = data.json; sourceTree = "<group>"; };
		245F552F28B244380015DE76 /* SeasonModel.swift */ = {isa = PBXFileReference; lastKnownFileType = sourcecode.swift; path = SeasonModel.swift; sourceTree = "<group>"; };
		246E108828AAC27200D3E9CA /* SilverArrows.app */ = {isa = PBXFileReference; explicitFileType = wrapper.application; includeInIndex = 0; path = SilverArrows.app; sourceTree = BUILT_PRODUCTS_DIR; };
		246E108B28AAC27200D3E9CA /* SilverArrowsApp.swift */ = {isa = PBXFileReference; lastKnownFileType = sourcecode.swift; path = SilverArrowsApp.swift; sourceTree = "<group>"; };
		246E108D28AAC27200D3E9CA /* ContentView.swift */ = {isa = PBXFileReference; lastKnownFileType = sourcecode.swift; path = ContentView.swift; sourceTree = "<group>"; };
		246E108F28AAC27300D3E9CA /* Assets.xcassets */ = {isa = PBXFileReference; lastKnownFileType = folder.assetcatalog; path = Assets.xcassets; sourceTree = "<group>"; };
		246E109228AAC27300D3E9CA /* Preview Assets.xcassets */ = {isa = PBXFileReference; lastKnownFileType = folder.assetcatalog; path = "Preview Assets.xcassets"; sourceTree = "<group>"; };
		24D795DA28AD7499006D40F6 /* Season.swift */ = {isa = PBXFileReference; lastKnownFileType = sourcecode.swift; path = Season.swift; sourceTree = "<group>"; };
		24FF652128AD882B00DC0A49 /* DataService.swift */ = {isa = PBXFileReference; lastKnownFileType = sourcecode.swift; path = DataService.swift; sourceTree = "<group>"; };
		24FF652428AEEB7300DC0A49 /* RoundedCornersLeft.swift */ = {isa = PBXFileReference; lastKnownFileType = sourcecode.swift; path = RoundedCornersLeft.swift; sourceTree = "<group>"; };
		24FF652628AEEC4A00DC0A49 /* RoundedCornersRight.swift */ = {isa = PBXFileReference; lastKnownFileType = sourcecode.swift; path = RoundedCornersRight.swift; sourceTree = "<group>"; };
		24FF652928AEF1D400DC0A49 /* CustomColors.swift */ = {isa = PBXFileReference; lastKnownFileType = sourcecode.swift; path = CustomColors.swift; sourceTree = "<group>"; };
/* End PBXFileReference section */

/* Begin PBXFrameworksBuildPhase section */
		246E108528AAC27200D3E9CA /* Frameworks */ = {
			isa = PBXFrameworksBuildPhase;
			buildActionMask = 2147483647;
			files = (
			);
			runOnlyForDeploymentPostprocessing = 0;
		};
/* End PBXFrameworksBuildPhase section */

/* Begin PBXGroup section */
		2409141E28B17145004D0FFD /* Fonts */ = {
			isa = PBXGroup;
			children = (
				2409142828B17419004D0FFD /* Roboto-Black.ttf */,
				2409142A28B17419004D0FFD /* Roboto-Bold.ttf */,
				2409142728B17419004D0FFD /* Roboto-Light.ttf */,
				2409142B28B17419004D0FFD /* Roboto-Medium.ttf */,
				2409142628B17419004D0FFD /* Roboto-Regular.ttf */,
				2409142928B17419004D0FFD /* Roboto-Thin.ttf */,
				2409143228B174BC004D0FFD /* Fonts.swift */,
			);
			path = Fonts;
			sourceTree = "<group>";
		};
		244C7D6928AD6E860085A24D /* Data */ = {
			isa = PBXGroup;
			children = (
				244C7D6A28AD6EFB0085A24D /* data.json */,
				24FF652128AD882B00DC0A49 /* DataService.swift */,
			);
			path = Data;
			sourceTree = "<group>";
		};
		246E107F28AAC27200D3E9CA = {
			isa = PBXGroup;
			children = (
				246E108A28AAC27200D3E9CA /* SilverArrows */,
				246E108928AAC27200D3E9CA /* Products */,
			);
			sourceTree = "<group>";
		};
		246E108928AAC27200D3E9CA /* Products */ = {
			isa = PBXGroup;
			children = (
				246E108828AAC27200D3E9CA /* SilverArrows.app */,
			);
			name = Products;
			sourceTree = "<group>";
		};
		246E108A28AAC27200D3E9CA /* SilverArrows */ = {
			isa = PBXGroup;
			children = (
				2409142528B1719A004D0FFD /* Info.plist */,
				2409141E28B17145004D0FFD /* Fonts */,
				24FF652828AEF1C400DC0A49 /* Colors */,
				24FF652328AEEB5700DC0A49 /* Shapes */,
				244C7D6928AD6E860085A24D /* Data */,
				246E108B28AAC27200D3E9CA /* SilverArrowsApp.swift */,
				246E109928AAC50E00D3E9CA /* Views */,
				246E109B28AAC51F00D3E9CA /* ViewModels */,
				246E109A28AAC51800D3E9CA /* Models */,
				246E108F28AAC27300D3E9CA /* Assets.xcassets */,
				246E109128AAC27300D3E9CA /* Preview Content */,
			);
			path = SilverArrows;
			sourceTree = "<group>";
		};
		246E109128AAC27300D3E9CA /* Preview Content */ = {
			isa = PBXGroup;
			children = (
				246E109228AAC27300D3E9CA /* Preview Assets.xcassets */,
			);
			path = "Preview Content";
			sourceTree = "<group>";
		};
		246E109928AAC50E00D3E9CA /* Views */ = {
			isa = PBXGroup;
			children = (
				246E108D28AAC27200D3E9CA /* ContentView.swift */,
				2409141C28B16D1D004D0FFD /* CardView.swift */,
			);
			path = Views;
			sourceTree = "<group>";
		};
		246E109A28AAC51800D3E9CA /* Models */ = {
			isa = PBXGroup;
			children = (
				24D795DA28AD7499006D40F6 /* Season.swift */,
			);
			path = Models;
			sourceTree = "<group>";
		};
		246E109B28AAC51F00D3E9CA /* ViewModels */ = {
			isa = PBXGroup;
			children = (
				245F552F28B244380015DE76 /* SeasonModel.swift */,
			);
			path = ViewModels;
			sourceTree = "<group>";
		};
		24FF652328AEEB5700DC0A49 /* Shapes */ = {
			isa = PBXGroup;
			children = (
				24FF652428AEEB7300DC0A49 /* RoundedCornersLeft.swift */,
				24FF652628AEEC4A00DC0A49 /* RoundedCornersRight.swift */,
			);
			path = Shapes;
			sourceTree = "<group>";
		};
		24FF652828AEF1C400DC0A49 /* Colors */ = {
			isa = PBXGroup;
			children = (
				24FF652928AEF1D400DC0A49 /* CustomColors.swift */,
			);
			path = Colors;
			sourceTree = "<group>";
		};
/* End PBXGroup section */

/* Begin PBXNativeTarget section */
		246E108728AAC27200D3E9CA /* SilverArrows */ = {
			isa = PBXNativeTarget;
			buildConfigurationList = 246E109628AAC27300D3E9CA /* Build configuration list for PBXNativeTarget "SilverArrows" */;
			buildPhases = (
				246E108428AAC27200D3E9CA /* Sources */,
				246E108528AAC27200D3E9CA /* Frameworks */,
				246E108628AAC27200D3E9CA /* Resources */,
			);
			buildRules = (
			);
			dependencies = (
			);
			name = SilverArrows;
			productName = SilverArrows;
			productReference = 246E108828AAC27200D3E9CA /* SilverArrows.app */;
			productType = "com.apple.product-type.application";
		};
/* End PBXNativeTarget section */

/* Begin PBXProject section */
		246E108028AAC27200D3E9CA /* Project object */ = {
			isa = PBXProject;
			attributes = {
				BuildIndependentTargetsInParallel = 1;
				LastSwiftUpdateCheck = 1340;
				LastUpgradeCheck = 1340;
				TargetAttributes = {
					246E108728AAC27200D3E9CA = {
						CreatedOnToolsVersion = 13.4.1;
					};
				};
			};
			buildConfigurationList = 246E108328AAC27200D3E9CA /* Build configuration list for PBXProject "SilverArrows" */;
			compatibilityVersion = "Xcode 13.0";
			developmentRegion = en;
			hasScannedForEncodings = 0;
			knownRegions = (
				en,
				Base,
			);
			mainGroup = 246E107F28AAC27200D3E9CA;
			productRefGroup = 246E108928AAC27200D3E9CA /* Products */;
			projectDirPath = "";
			projectRoot = "";
			targets = (
				246E108728AAC27200D3E9CA /* SilverArrows */,
			);
		};
/* End PBXProject section */

/* Begin PBXResourcesBuildPhase section */
		246E108628AAC27200D3E9CA /* Resources */ = {
			isa = PBXResourcesBuildPhase;
			buildActionMask = 2147483647;
			files = (
				2409142F28B17419004D0FFD /* Roboto-Thin.ttf in Resources */,
				246E109328AAC27300D3E9CA /* Preview Assets.xcassets in Resources */,
				244C7D6B28AD6EFB0085A24D /* data.json in Resources */,
				2409142D28B17419004D0FFD /* Roboto-Light.ttf in Resources */,
				2409142C28B17419004D0FFD /* Roboto-Regular.ttf in Resources */,
				246E109028AAC27300D3E9CA /* Assets.xcassets in Resources */,
				2409143028B17419004D0FFD /* Roboto-Bold.ttf in Resources */,
				2409142E28B17419004D0FFD /* Roboto-Black.ttf in Resources */,
				2409143128B17419004D0FFD /* Roboto-Medium.ttf in Resources */,
			);
			runOnlyForDeploymentPostprocessing = 0;
		};
/* End PBXResourcesBuildPhase section */

/* Begin PBXSourcesBuildPhase section */
		246E108428AAC27200D3E9CA /* Sources */ = {
			isa = PBXSourcesBuildPhase;
			buildActionMask = 2147483647;
			files = (
				245F553028B244380015DE76 /* SeasonModel.swift in Sources */,
				24FF652528AEEB7300DC0A49 /* RoundedCornersLeft.swift in Sources */,
				24FF652728AEEC4A00DC0A49 /* RoundedCornersRight.swift in Sources */,
				24FF652A28AEF1D400DC0A49 /* CustomColors.swift in Sources */,
				246E108E28AAC27200D3E9CA /* ContentView.swift in Sources */,
				24D795DB28AD7499006D40F6 /* Season.swift in Sources */,
				246E108C28AAC27200D3E9CA /* SilverArrowsApp.swift in Sources */,
				2409141D28B16D1D004D0FFD /* CardView.swift in Sources */,
				2409143328B174BC004D0FFD /* Fonts.swift in Sources */,
				24FF652228AD882B00DC0A49 /* DataService.swift in Sources */,
			);
			runOnlyForDeploymentPostprocessing = 0;
		};
/* End PBXSourcesBuildPhase section */

/* Begin XCBuildConfiguration section */
		246E109428AAC27300D3E9CA /* Debug */ = {
			isa = XCBuildConfiguration;
			buildSettings = {
				ALWAYS_SEARCH_USER_PATHS = NO;
				CLANG_ANALYZER_NONNULL = YES;
				CLANG_ANALYZER_NUMBER_OBJECT_CONVERSION = YES_AGGRESSIVE;
				CLANG_CXX_LANGUAGE_STANDARD = "gnu++17";
				CLANG_ENABLE_MODULES = YES;
				CLANG_ENABLE_OBJC_ARC = YES;
				CLANG_ENABLE_OBJC_WEAK = YES;
				CLANG_WARN_BLOCK_CAPTURE_AUTORELEASING = YES;
				CLANG_WARN_BOOL_CONVERSION = YES;
				CLANG_WARN_COMMA = YES;
				CLANG_WARN_CONSTANT_CONVERSION = YES;
				CLANG_WARN_DEPRECATED_OBJC_IMPLEMENTATIONS = YES;
				CLANG_WARN_DIRECT_OBJC_ISA_USAGE = YES_ERROR;
				CLANG_WARN_DOCUMENTATION_COMMENTS = YES;
				CLANG_WARN_EMPTY_BODY = YES;
				CLANG_WARN_ENUM_CONVERSION = YES;
				CLANG_WARN_INFINITE_RECURSION = YES;
				CLANG_WARN_INT_CONVERSION = YES;
				CLANG_WARN_NON_LITERAL_NULL_CONVERSION = YES;
				CLANG_WARN_OBJC_IMPLICIT_RETAIN_SELF = YES;
				CLANG_WARN_OBJC_LITERAL_CONVERSION = YES;
				CLANG_WARN_OBJC_ROOT_CLASS = YES_ERROR;
				CLANG_WARN_QUOTED_INCLUDE_IN_FRAMEWORK_HEADER = YES;
				CLANG_WARN_RANGE_LOOP_ANALYSIS = YES;
				CLANG_WARN_STRICT_PROTOTYPES = YES;
				CLANG_WARN_SUSPICIOUS_MOVE = YES;
				CLANG_WARN_UNGUARDED_AVAILABILITY = YES_AGGRESSIVE;
				CLANG_WARN_UNREACHABLE_CODE = YES;
				CLANG_WARN__DUPLICATE_METHOD_MATCH = YES;
				COPY_PHASE_STRIP = NO;
				DEBUG_INFORMATION_FORMAT = dwarf;
				ENABLE_STRICT_OBJC_MSGSEND = YES;
				ENABLE_TESTABILITY = YES;
				GCC_C_LANGUAGE_STANDARD = gnu11;
				GCC_DYNAMIC_NO_PIC = NO;
				GCC_NO_COMMON_BLOCKS = YES;
				GCC_OPTIMIZATION_LEVEL = 0;
				GCC_PREPROCESSOR_DEFINITIONS = (
					"DEBUG=1",
					"$(inherited)",
				);
				GCC_WARN_64_TO_32_BIT_CONVERSION = YES;
				GCC_WARN_ABOUT_RETURN_TYPE = YES_ERROR;
				GCC_WARN_UNDECLARED_SELECTOR = YES;
				GCC_WARN_UNINITIALIZED_AUTOS = YES_AGGRESSIVE;
				GCC_WARN_UNUSED_FUNCTION = YES;
				GCC_WARN_UNUSED_VARIABLE = YES;
				IPHONEOS_DEPLOYMENT_TARGET = 15.5;
				MTL_ENABLE_DEBUG_INFO = INCLUDE_SOURCE;
				MTL_FAST_MATH = YES;
				ONLY_ACTIVE_ARCH = YES;
				SDKROOT = iphoneos;
				SWIFT_ACTIVE_COMPILATION_CONDITIONS = DEBUG;
				SWIFT_OPTIMIZATION_LEVEL = "-Onone";
			};
			name = Debug;
		};
		246E109528AAC27300D3E9CA /* Release */ = {
			isa = XCBuildConfiguration;
			buildSettings = {
				ALWAYS_SEARCH_USER_PATHS = NO;
				CLANG_ANALYZER_NONNULL = YES;
				CLANG_ANALYZER_NUMBER_OBJECT_CONVERSION = YES_AGGRESSIVE;
				CLANG_CXX_LANGUAGE_STANDARD = "gnu++17";
				CLANG_ENABLE_MODULES = YES;
				CLANG_ENABLE_OBJC_ARC = YES;
				CLANG_ENABLE_OBJC_WEAK = YES;
				CLANG_WARN_BLOCK_CAPTURE_AUTORELEASING = YES;
				CLANG_WARN_BOOL_CONVERSION = YES;
				CLANG_WARN_COMMA = YES;
				CLANG_WARN_CONSTANT_CONVERSION = YES;
				CLANG_WARN_DEPRECATED_OBJC_IMPLEMENTATIONS = YES;
				CLANG_WARN_DIRECT_OBJC_ISA_USAGE = YES_ERROR;
				CLANG_WARN_DOCUMENTATION_COMMENTS = YES;
				CLANG_WARN_EMPTY_BODY = YES;
				CLANG_WARN_ENUM_CONVERSION = YES;
				CLANG_WARN_INFINITE_RECURSION = YES;
				CLANG_WARN_INT_CONVERSION = YES;
				CLANG_WARN_NON_LITERAL_NULL_CONVERSION = YES;
				CLANG_WARN_OBJC_IMPLICIT_RETAIN_SELF = YES;
				CLANG_WARN_OBJC_LITERAL_CONVERSION = YES;
				CLANG_WARN_OBJC_ROOT_CLASS = YES_ERROR;
				CLANG_WARN_QUOTED_INCLUDE_IN_FRAMEWORK_HEADER = YES;
				CLANG_WARN_RANGE_LOOP_ANALYSIS = YES;
				CLANG_WARN_STRICT_PROTOTYPES = YES;
				CLANG_WARN_SUSPICIOUS_MOVE = YES;
				CLANG_WARN_UNGUARDED_AVAILABILITY = YES_AGGRESSIVE;
				CLANG_WARN_UNREACHABLE_CODE = YES;
				CLANG_WARN__DUPLICATE_METHOD_MATCH = YES;
				COPY_PHASE_STRIP = NO;
				DEBUG_INFORMATION_FORMAT = "dwarf-with-dsym";
				ENABLE_NS_ASSERTIONS = NO;
				ENABLE_STRICT_OBJC_MSGSEND = YES;
				GCC_C_LANGUAGE_STANDARD = gnu11;
				GCC_NO_COMMON_BLOCKS = YES;
				GCC_WARN_64_TO_32_BIT_CONVERSION = YES;
				GCC_WARN_ABOUT_RETURN_TYPE = YES_ERROR;
				GCC_WARN_UNDECLARED_SELECTOR = YES;
				GCC_WARN_UNINITIALIZED_AUTOS = YES_AGGRESSIVE;
				GCC_WARN_UNUSED_FUNCTION = YES;
				GCC_WARN_UNUSED_VARIABLE = YES;
				IPHONEOS_DEPLOYMENT_TARGET = 15.5;
				MTL_ENABLE_DEBUG_INFO = NO;
				MTL_FAST_MATH = YES;
				SDKROOT = iphoneos;
				SWIFT_COMPILATION_MODE = wholemodule;
				SWIFT_OPTIMIZATION_LEVEL = "-O";
				VALIDATE_PRODUCT = YES;
			};
			name = Release;
		};
		246E109728AAC27300D3E9CA /* Debug */ = {
			isa = XCBuildConfiguration;
			buildSettings = {
				ASSETCATALOG_COMPILER_APPICON_NAME = AppIcon;
				ASSETCATALOG_COMPILER_GLOBAL_ACCENT_COLOR_NAME = AccentColor;
				CODE_SIGN_STYLE = Automatic;
				CURRENT_PROJECT_VERSION = 1;
				DEVELOPMENT_ASSET_PATHS = "\"SilverArrows/Preview Content\"";
				DEVELOPMENT_TEAM = T873S9B637;
				ENABLE_PREVIEWS = YES;
				GENERATE_INFOPLIST_FILE = YES;
				INFOPLIST_FILE = SilverArrows/Info.plist;
				INFOPLIST_KEY_UIApplicationSceneManifest_Generation = YES;
				INFOPLIST_KEY_UIApplicationSupportsIndirectInputEvents = YES;
				INFOPLIST_KEY_UILaunchScreen_Generation = YES;
				INFOPLIST_KEY_UISupportedInterfaceOrientations_iPad = "UIInterfaceOrientationPortrait UIInterfaceOrientationPortraitUpsideDown UIInterfaceOrientationLandscapeLeft UIInterfaceOrientationLandscapeRight";
				INFOPLIST_KEY_UISupportedInterfaceOrientations_iPhone = "UIInterfaceOrientationPortrait UIInterfaceOrientationLandscapeLeft UIInterfaceOrientationLandscapeRight";
				LD_RUNPATH_SEARCH_PATHS = (
					"$(inherited)",
					"@executable_path/Frameworks",
				);
				MARKETING_VERSION = 1.0;
				PRODUCT_BUNDLE_IDENTIFIER = none.SilverArrows;
				PRODUCT_NAME = "$(TARGET_NAME)";
				SWIFT_EMIT_LOC_STRINGS = YES;
				SWIFT_VERSION = 5.0;
				TARGETED_DEVICE_FAMILY = "1,2";
			};
			name = Debug;
		};
		246E109828AAC27300D3E9CA /* Release */ = {
			isa = XCBuildConfiguration;
			buildSettings = {
				ASSETCATALOG_COMPILER_APPICON_NAME = AppIcon;
				ASSETCATALOG_COMPILER_GLOBAL_ACCENT_COLOR_NAME = AccentColor;
				CODE_SIGN_STYLE = Automatic;
				CURRENT_PROJECT_VERSION = 1;
				DEVELOPMENT_ASSET_PATHS = "\"SilverArrows/Preview Content\"";
				DEVELOPMENT_TEAM = T873S9B637;
				ENABLE_PREVIEWS = YES;
				GENERATE_INFOPLIST_FILE = YES;
				INFOPLIST_FILE = SilverArrows/Info.plist;
				INFOPLIST_KEY_UIApplicationSceneManifest_Generation = YES;
				INFOPLIST_KEY_UIApplicationSupportsIndirectInputEvents = YES;
				INFOPLIST_KEY_UILaunchScreen_Generation = YES;
				INFOPLIST_KEY_UISupportedInterfaceOrientations_iPad = "UIInterfaceOrientationPortrait UIInterfaceOrientationPortraitUpsideDown UIInterfaceOrientationLandscapeLeft UIInterfaceOrientationLandscapeRight";
				INFOPLIST_KEY_UISupportedInterfaceOrientations_iPhone = "UIInterfaceOrientationPortrait UIInterfaceOrientationLandscapeLeft UIInterfaceOrientationLandscapeRight";
				LD_RUNPATH_SEARCH_PATHS = (
					"$(inherited)",
					"@executable_path/Frameworks",
				);
				MARKETING_VERSION = 1.0;
				PRODUCT_BUNDLE_IDENTIFIER = none.SilverArrows;
				PRODUCT_NAME = "$(TARGET_NAME)";
				SWIFT_EMIT_LOC_STRINGS = YES;
				SWIFT_VERSION = 5.0;
				TARGETED_DEVICE_FAMILY = "1,2";
			};
			name = Release;
		};
/* End XCBuildConfiguration section */

/* Begin XCConfigurationList section */
		246E108328AAC27200D3E9CA /* Build configuration list for PBXProject "SilverArrows" */ = {
			isa = XCConfigurationList;
			buildConfigurations = (
				246E109428AAC27300D3E9CA /* Debug */,
				246E109528AAC27300D3E9CA /* Release */,
			);
			defaultConfigurationIsVisible = 0;
			defaultConfigurationName = Release;
		};
		246E109628AAC27300D3E9CA /* Build configuration list for PBXNativeTarget "SilverArrows" */ = {
			isa = XCConfigurationList;
			buildConfigurations = (
				246E109728AAC27300D3E9CA /* Debug */,
				246E109828AAC27300D3E9CA /* Release */,
			);
			defaultConfigurationIsVisible = 0;
			defaultConfigurationName = Release;
		};
/* End XCConfigurationList section */
	};
	rootObject = 246E108028AAC27200D3E9CA /* Project object */;
}
